{
    "name": "App",
    "version": "1.0.0",
    "lockfileVersion": 1,
    "requires": true,
    "dependencies": {
        "cordova-plugin-android-fingerprint-auth": {
            "version": "1.4.3",
            "resolved": "https://registry.npmjs.org/cordova-plugin-android-fingerprint-auth/-/cordova-plugin-android-fingerprint-auth-1.4.3.tgz",
            "integrity": "sha512-FYXtPxiemRg9Sb75ZC7yO/BD00bChqph/e19qA0LVl9eNEkVVMv22hingF+CXdGqmdstClKPqupf66Djdi7kGQ=="
        },
        "cordova-plugin-touch-id": {
            "version": "3.3.1",
            "resolved": "https://registry.npmjs.org/cordova-plugin-touch-id/-/cordova-plugin-touch-id-3.3.1.tgz",
            "integrity": "sha512-JTMtxPHJyOHYQ2manWWwgvybWdk7sTk5iJrlKKqCI05cTIfdXsw/Iy7iPmpE427ubbpXZxBu7nldr/Zs61hQVQ=="
        }
    }
}
